# THIS IS AN AUTOGENERATED FILE. DO NOT EDIT THIS FILE DIRECTLY.
# yarn lockfile v1


"@types/node@^13.13.5":
  version "13.13.5"
  resolved "https://registry.yarnpkg.com/@types/node/-/node-13.13.5.tgz#96ec3b0afafd64a4ccea9107b75bf8489f0e5765"
  integrity sha512-3ySmiBYJPqgjiHA7oEaIo2Rzz0HrOZ7yrNO5HWyaE5q0lQ3BppDZ3N53Miz8bw2I7gh1/zir2MGVZBvpb1zq9g==

"@types/webpack-env@^1.15.2":
  version "1.15.2"
  resolved "https://registry.yarnpkg.com/@types/webpack-env/-/webpack-env-1.15.2.tgz#927997342bb9f4a5185a86e6579a0a18afc33b0a"
  integrity sha512-67ZgZpAlhIICIdfQrB5fnDvaKFcDxpKibxznfYRVAT4mQE41Dido/3Ty+E3xGBmTogc5+0Qb8tWhna+5B8z1iQ==

axios@^0.21.1:
  version "0.21.1"
  resolved "https://registry.yarnpkg.com/axios/-/axios-0.21.1.tgz#22563481962f4d6bde9a76d516ef0e5d3c09b2b8"
  integrity sha512-dKQiRHxGD9PPRIUNIWvZhPTPpl1rf/OxTYKsqKUDjBwYylTvV7SjSHJb9ratfyzM6wCdLCOYLzs73qpg5c4iGA==
  dependencies:
    follow-redirects "^1.10.0"

follow-redirects@^1.10.0:
  version "1.13.1"
  resolved "https://registry.yarnpkg.com/follow-redirects/-/follow-redirects-1.13.1.tgz#5f69b813376cee4fd0474a3aba835df04ab763b7"
  integrity sha512-SSG5xmZh1mkPGyKzjZP8zLjltIfpW32Y5QpdNJyjcfGxK3qo3NDDkZOZSFiGn1A6SclQxY9GzEwAHQ3dmYRWpg==

rxjs@^6.5.5:
  version "6.5.5"
  resolved "https://registry.yarnpkg.com/rxjs/-/rxjs-6.5.5.tgz#c5c884e3094c8cfee31bf27eb87e54ccfc87f9ec"
  integrity sha512-WfQI+1gohdf0Dai/Bbmk5L5ItH5tYqm3ki2c5GdWhKjalzjg93N3avFjVStyZZz+A2Em+ZxKH5bNghw9UeylGQ==
  dependencies:
    tslib "^1.9.0"

ts-utils2@^1.0.8:
  version "1.0.8"
  resolved "https://registry.yarnpkg.com/ts-utils2/-/ts-utils2-1.0.8.tgz#00e5ffbb6796e40aa3a113d11189d6fe0e4f4f8d"
  integrity sha512-1xqn/r6boY2CTIzfgVX5c4EBufr5J5/dIHphTKR8hYKVdmXarH97/Os87z3nT2usOlavQnoTb8GeiXEqr9+71Q==

tslib@^1.9.0:
  version "1.13.0"
  resolved "https://registry.yarnpkg.com/tslib/-/tslib-1.13.0.tgz#c881e13cc7015894ed914862d276436fa9a47043"
  integrity sha512-i/6DQjL8Xf3be4K/E6Wgpekn5Qasl1usyw++dAA35Ue5orEn65VIxOA+YvNNl9HV3qv70T7CNwjODHZrLwvd1Q==

typescript@^3.x.x:
  version "3.8.3"
  resolved "https://registry.yarnpkg.com/typescript/-/typescript-3.8.3.tgz#409eb8544ea0335711205869ec458ab109ee1061"

vue-class-component@^7.2.3:
  version "7.2.3"
  resolved "https://registry.yarnpkg.com/vue-class-component/-/vue-class-component-7.2.3.tgz#a5b1abd53513a72ad51098752e2dedd499807cca"
  integrity sha512-oEqYpXKaFN+TaXU+mRLEx8dX0ah85aAJEe61mpdoUrq0Bhe/6sWhyZX1JjMQLhVsHAkncyhedhmCdDVSasUtDw==

vue@^2.6.11:
  version "2.6.11"
  resolved "https://registry.yarnpkg.com/vue/-/vue-2.6.11.tgz#76594d877d4b12234406e84e35275c6d514125c5"
  integrity sha512-VfPwgcGABbGAue9+sfrD4PuwFar7gPb1yl1UK1MwXoQPAw0BKSqWfoYCT/ThFrdEVWoI51dBuyCoiNU9bZDZxQ==

vuex-class@^0.3.2:
  version "0.3.2"
  resolved "https://registry.yarnpkg.com/vuex-class/-/vuex-class-0.3.2.tgz#c7e96a076c1682137d4d23a8dcfdc63f220e17a8"
  integrity sha512-m0w7/FMsNcwJgunJeM+wcNaHzK2KX1K1rw2WUQf7Q16ndXHo7pflRyOV/E8795JO/7fstyjH3EgqBI4h4n4qXQ==

vuex@^3.3.0:
  version "3.3.0"
  resolved "https://registry.yarnpkg.com/vuex/-/vuex-3.3.0.tgz#665b4630ea1347317139fcc5cb495aab3ec5e513"
  integrity sha512-1MfcBt+YFd20DPwKe0ThhYm1UEXZya4gVKUvCy7AtS11YAOUR+9a6u4fsv1Rr6ePZCDNxW/M1zuIaswp6nNv8Q==
